schema: '2.0'
stages:
  clean_data:
    cmd: python src/clean_data.py data/raw/irag.csv data/clean/irag_clean.csv
    deps:
    - path: data/raw/irag.csv
      hash: md5
      md5: 9e8695fc6f03bdc2fc34cb3e47ef1d46
      size: 13244955
    - path: src/clean_data.py
      hash: md5
      md5: 1aa9a538f7e00602517d04f29ee53540
      size: 3610
    outs:
    - path: data/clean/irag_clean.csv
      hash: md5
      md5: 070ff707c76be16fcb1ddbcb21da3200
      size: 151428
  prepare_data:
    cmd: python src/prepare_data.py data/clean/irag_clean.csv 
      data/clean/train.csv data/clean/test.csv
    deps:
    - path: data/clean/irag_clean.csv
      hash: md5
      md5: 070ff707c76be16fcb1ddbcb21da3200
      size: 151428
    - path: src/prepare_data.py
      hash: md5
      md5: c942c7ac3e8cf5bb1e30cc8dce9fcaa7
      size: 2957
    outs:
    - path: data/clean/test.csv
      hash: md5
      md5: 55d3e3537c88fa467b5d2d8c9802945c
      size: 49995
    - path: data/clean/train.csv
      hash: md5
      md5: 387d1e838b5edce5154f70ab9493b239
      size: 183882
  train_model:
    cmd: python src/train.py data/clean/train.csv data/clean/test.csv 
      models/lyapunov_irag_logreg.pkl
    deps:
    - path: data/clean/test.csv
      hash: md5
      md5: 55d3e3537c88fa467b5d2d8c9802945c
      size: 49995
    - path: data/clean/train.csv
      hash: md5
      md5: 387d1e838b5edce5154f70ab9493b239
      size: 183882
    - path: src/train.py
      hash: md5
      md5: 7eb4a0e8de829f5b4be1889323cad542
      size: 8313
    outs:
    - path: models/lyapunov_irag_logreg.pkl
      hash: md5
      md5: ee4ae772169eda6b8d4889bfa5a76c7a
      size: 1952905
